{
  "name": "bpmn-execute-script",
  "version": "1.0.0",
  "lockfileVersion": 1,
  "requires": true,
  "dependencies": {
    "bpmn-moddle": {
      "version": "6.0.0",
      "resolved": "https://registry.npmjs.org/bpmn-moddle/-/bpmn-moddle-6.0.0.tgz",
      "integrity": "sha512-/yi7LBT4MFWsv5fmQD7/aeCZC94Ot8onADiJMQkosY2XGN85cVmOpPdmo8FfBu+6gjI9EWUnnUWjjY1SDVLeXw==",
      "requires": {
        "min-dash": "^3.0.0",
        "moddle": "^5.0.1",
        "moddle-xml": "^8.0.1"
      }
    },
    "iso8601-duration": {
      "version": "1.2.0",
      "resolved": "https://registry.npmjs.org/iso8601-duration/-/iso8601-duration-1.2.0.tgz",
      "integrity": "sha512-ErTBd++b17E8nmWII1K1uZtBgD1E8RjyvwmxlCjPHNqHMD7gmcMHOw0E8Ro/6+QT4PhHRSnnMo7bxa1vFPkwhg=="
    },
    "js-tokens": {
      "version": "4.0.0",
      "resolved": "https://registry.npmjs.org/js-tokens/-/js-tokens-4.0.0.tgz",
      "integrity": "sha512-RdJUflcE3cUzKiMqQgsCu06FPu9UdIJO0beYbPhHN4k6apgJtifcoCtT9bcxOpYBtpD2kCM6Sbzg4CausW/PKQ=="
    },
    "loose-envify": {
      "version": "1.4.0",
      "resolved": "https://registry.npmjs.org/loose-envify/-/loose-envify-1.4.0.tgz",
      "integrity": "sha512-lyuxPGr/Wfhrlem2CL/UcnUc1zcqKAImBDzukY7Y5F/yQiNdko6+fRLevlw1HgMySw7f611UIY408EtxRSoK3Q==",
      "requires": {
        "js-tokens": "^3.0.0 || ^4.0.0"
      }
    },
    "min-dash": {
      "version": "3.5.2",
      "resolved": "https://registry.npmjs.org/min-dash/-/min-dash-3.5.2.tgz",
      "integrity": "sha512-YVbJZUtnzT5QsgJUp9H9uyJTW6NJgswFqI27RI/+MSox860uIjaGMbSQBftEzbMXiJVRG24hpoIh3SG666SHgA=="
    },
    "moddle": {
      "version": "5.0.1",
      "resolved": "https://registry.npmjs.org/moddle/-/moddle-5.0.1.tgz",
      "integrity": "sha512-RB9NCYxbnQLiY1ZJ8Y61+I8TBEmmyaMr8Tj0+fJHN8Fm6l5NqojDy1s4LNDxq+omvug4gnzERMgT8uwNsADDvw==",
      "requires": {
        "min-dash": "^3.0.0"
      }
    },
    "moddle-xml": {
      "version": "8.0.1",
      "resolved": "https://registry.npmjs.org/moddle-xml/-/moddle-xml-8.0.1.tgz",
      "integrity": "sha512-aeMpZTFv5Vm5sKXtRRIoXb/4eMssNWjsvb0MNPe7g8x3F2cRmQa2AwT8gnjtlefHwmCxQRbIoP2kutmqfgoKzg==",
      "requires": {
        "min-dash": "^3.0.0",
        "moddle": "^5.0.1",
        "saxen": "^8.1.0"
      }
    },
    "neo-bpmn-engine": {
      "version": "0.11.0",
      "resolved": "https://registry.npmjs.org/neo-bpmn-engine/-/neo-bpmn-engine-0.11.0.tgz",
      "integrity": "sha512-6Ltnt3ewJSDvi5Ul+25tveA9aNzp3Yo1rxtRK/H6SaZW+0iFy0U+5YysjvaDqi/DlJCjJUvfCsuRF6csj2pttg==",
      "requires": {
        "bpmn-moddle": "^6.0.0",
        "iso8601-duration": "^1.2.0",
        "redux": "^4.0.1",
        "redux-observable": "^1.1.0",
        "rxjs": "^6.5.1",
        "uuid": "^3.3.2"
      }
    },
    "redux": {
      "version": "4.0.4",
      "resolved": "https://registry.npmjs.org/redux/-/redux-4.0.4.tgz",
      "integrity": "sha512-vKv4WdiJxOWKxK0yRoaK3Y4pxxB0ilzVx6dszU2W8wLxlb2yikRph4iV/ymtdJ6ZxpBLFbyrxklnT5yBbQSl3Q==",
      "requires": {
        "loose-envify": "^1.4.0",
        "symbol-observable": "^1.2.0"
      }
    },
    "redux-observable": {
      "version": "1.2.0",
      "resolved": "https://registry.npmjs.org/redux-observable/-/redux-observable-1.2.0.tgz",
      "integrity": "sha512-yeR90RP2WzZzCxxnQPlh2uFzyfFLsfXu8ROh53jGDPXVqj71uNDMmvi/YKQkd9ofiVoO4OYb1snbowO49tCEMg=="
    },
    "rxjs": {
      "version": "6.5.3",
      "resolved": "https://registry.npmjs.org/rxjs/-/rxjs-6.5.3.tgz",
      "integrity": "sha512-wuYsAYYFdWTAnAaPoKGNhfpWwKZbJW+HgAJ+mImp+Epl7BG8oNWBCTyRM8gba9k4lk8BgWdoYm21Mo/RYhhbgA==",
      "requires": {
        "tslib": "^1.9.0"
      }
    },
    "saxen": {
      "version": "8.1.0",
      "resolved": "https://registry.npmjs.org/saxen/-/saxen-8.1.0.tgz",
      "integrity": "sha512-34U5SdDUxECB5Jkwbc2mAdxHyGvbfCHv0iHgf+x2jaYLlwsPpju9651Lld9CpFpF4zJsoWcF3Q05blXXNOb/cg=="
    },
    "symbol-observable": {
      "version": "1.2.0",
      "resolved": "https://registry.npmjs.org/symbol-observable/-/symbol-observable-1.2.0.tgz",
      "integrity": "sha512-e900nM8RRtGhlV36KGEU9k65K3mPb1WV70OdjfxlG2EAuM1noi/E/BaW/uMhL7bPEssK8QV57vN3esixjUvcXQ=="
    },
    "tslib": {
      "version": "1.10.0",
      "resolved": "https://registry.npmjs.org/tslib/-/tslib-1.10.0.tgz",
      "integrity": "sha512-qOebF53frne81cf0S9B41ByenJ3/IuH8yJKngAX35CmiZySA0khhkovshKK+jGCaMnVomla7gVlIcc3EvKPbTQ=="
    },
    "uuid": {
      "version": "3.3.3",
      "resolved": "https://registry.npmjs.org/uuid/-/uuid-3.3.3.tgz",
      "integrity": "sha512-pW0No1RGHgzlpHJO1nsVrHKpOEIxkGg1xB+v0ZmdNH5OAeAwzAVrCnI2/6Mtx+Uys6iaylxa+D3g4j63IKKjSQ=="
    },
    "vm2": {
      "version": "3.9.5",
      "resolved": "https://registry.npmjs.org/vm2/-/vm2-3.9.5.tgz",
      "integrity": "sha512-LuCAHZN75H9tdrAiLFf030oW7nJV5xwNMuk1ymOZwopmuK3d2H4L1Kv4+GFHgarKiLfXXLFU+7LDABHnwOkWng=="
    },
    "vm2-script-executor": {
      "version": "0.1.2",
      "resolved": "https://registry.npmjs.org/vm2-script-executor/-/vm2-script-executor-0.1.2.tgz",
      "integrity": "sha512-ZqgOycpp087k22pp+bAHrc4WHYBcHtv1ZIZ4n4rz20JOsoxBTeJqD34ityMqbLehXS3jlmpA59v15Cm+q8pV9g==",
      "requires": {
        "vm2": "^3.8.4"
      }
    }
  }
}
